
Microsoft Visual Studio Solution File, Format Version 12.00
# Visual Studio 15
VisualStudioVersion = 15.0.27703.2042
MinimumVisualStudioVersion = 10.0.40219.1
Project("{9A19103F-16F7-4668-BE54-9A1E7A4F7556}") = "dungen-lib", "dungen-lib\dungen-lib.csproj", "{6A5033D6-11F5-4DB1-9990-1216E06AB825}"
EndProject
Project("{9A19103F-16F7-4668-BE54-9A1E7A4F7556}") = "dungen-cli", "dungen-cli\dungen-cli.csproj", "{F474C325-87A1-4BBF-9612-91BE2403FAAF}"
EndProject
Global
	GlobalSection(SolutionConfigurationPlatforms) = preSolution
		Debug|Any CPU = Debug|Any CPU
		Release|Any CPU = Release|Any CPU
	EndGlobalSection
	GlobalSection(ProjectConfigurationPlatforms) = postSolution
		{6A5033D6-11F5-4DB1-9990-1216E06AB825}.Debug|Any CPU.ActiveCfg = Debug|Any CPU
		{6A5033D6-11F5-4DB1-9990-1216E06AB825}.Debug|Any CPU.Build.0 = Debug|Any CPU
		{6A5033D6-11F5-4DB1-9990-1216E06AB825}.Release|Any CPU.ActiveCfg = Release|Any CPU
		{6A5033D6-11F5-4DB1-9990-1216E06AB825}.Release|Any CPU.Build.0 = Release|Any CPU
		{F474C325-87A1-4BBF-9612-91BE2403FAAF}.Debug|Any CPU.ActiveCfg = Debug|Any CPU
		{F474C325-87A1-4BBF-9612-91BE2403FAAF}.Debug|Any CPU.Build.0 = Debug|Any CPU
		{F474C325-87A1-4BBF-9612-91BE2403FAAF}.Release|Any CPU.ActiveCfg = Release|Any CPU
		{F474C325-87A1-4BBF-9612-91BE2403FAAF}.Release|Any CPU.Build.0 = Release|Any CPU
	EndGlobalSection
	GlobalSection(SolutionProperties) = preSolution
		HideSolutionNode = FALSE
	EndGlobalSection
	GlobalSection(ExtensibilityGlobals) = postSolution
		SolutionGuid = {A3F890F7-53F4-439B-B73B-95E32936D063}
	EndGlobalSection
EndGlobal
